
Microsoft Visual Studio Solution File, Format Version 12.00
# Visual Studio Version 16
VisualStudioVersion = 16.0.28803.156
MinimumVisualStudioVersion = 10.0.40219.1
Project("{FAE04EC0-301F-11D3-BF4B-00C04F79EFBC}") = "CollegeBookRental", "CollegeBookRental\CollegeBookRental.csproj", "{65BEBF74-6E85-4373-8FF6-649A30CB9F4B}"
EndProject
Project("{FAE04EC0-301F-11D3-BF4B-00C04F79EFBC}") = "UnitTestProject1", "UnitTestProject1\UnitTestProject1.csproj", "{B0831CBD-09E2-4188-AEB2-B0523F8993CF}"
EndProject
Global
	GlobalSection(SolutionConfigurationPlatforms) = preSolution
		Debug|Any CPU = Debug|Any CPU
		Release|Any CPU = Release|Any CPU
	EndGlobalSection
	GlobalSection(ProjectConfigurationPlatforms) = postSolution
		{65BEBF74-6E85-4373-8FF6-649A30CB9F4B}.Debug|Any CPU.ActiveCfg = Debug|Any CPU
		{65BEBF74-6E85-4373-8FF6-649A30CB9F4B}.Debug|Any CPU.Build.0 = Debug|Any CPU
		{65BEBF74-6E85-4373-8FF6-649A30CB9F4B}.Release|Any CPU.ActiveCfg = Release|Any CPU
		{65BEBF74-6E85-4373-8FF6-649A30CB9F4B}.Release|Any CPU.Build.0 = Release|Any CPU
		{B0831CBD-09E2-4188-AEB2-B0523F8993CF}.Debug|Any CPU.ActiveCfg = Debug|Any CPU
		{B0831CBD-09E2-4188-AEB2-B0523F8993CF}.Debug|Any CPU.Build.0 = Debug|Any CPU
		{B0831CBD-09E2-4188-AEB2-B0523F8993CF}.Release|Any CPU.ActiveCfg = Release|Any CPU
		{B0831CBD-09E2-4188-AEB2-B0523F8993CF}.Release|Any CPU.Build.0 = Release|Any CPU
	EndGlobalSection
	GlobalSection(SolutionProperties) = preSolution
		HideSolutionNode = FALSE
	EndGlobalSection
	GlobalSection(ExtensibilityGlobals) = postSolution
		SolutionGuid = {84E1550E-F9A1-4F3A-AA9B-A338B981529E}
	EndGlobalSection
EndGlobal
